
Microsoft Visual Studio Solution File, Format Version 12.00
# Visual Studio Version 17
VisualStudioVersion = 17.3.32825.248
MinimumVisualStudioVersion = 10.0.40219.1
Project("{FAE04EC0-301F-11D3-BF4B-00C04F79EFBC}") = "MammaPizza", "MammaPizza\MammaPizza.csproj", "{EC2557CE-3D73-4257-9718-4F3200D8D01B}"
EndProject
Global
	GlobalSection(SolutionConfigurationPlatforms) = preSolution
		Debug|Any CPU = Debug|Any CPU
		Release|Any CPU = Release|Any CPU
	EndGlobalSection
	GlobalSection(ProjectConfigurationPlatforms) = postSolution
		{EC2557CE-3D73-4257-9718-4F3200D8D01B}.Debug|Any CPU.ActiveCfg = Debug|Any CPU
		{EC2557CE-3D73-4257-9718-4F3200D8D01B}.Debug|Any CPU.Build.0 = Debug|Any CPU
		{EC2557CE-3D73-4257-9718-4F3200D8D01B}.Release|Any CPU.ActiveCfg = Release|Any CPU
		{EC2557CE-3D73-4257-9718-4F3200D8D01B}.Release|Any CPU.Build.0 = Release|Any CPU
	EndGlobalSection
	GlobalSection(SolutionProperties) = preSolution
		HideSolutionNode = FALSE
	EndGlobalSection
	GlobalSection(ExtensibilityGlobals) = postSolution
		SolutionGuid = {250DC584-CFCE-4A50-AAAC-F8900A65FD36}
	EndGlobalSection
EndGlobal
